
Microsoft Visual Studio Solution File, Format Version 10.00
# Visual Studio 2008
Project("{FAE04EC0-301F-11D3-BF4B-00C04F79EFBC}") = "bai1", "bai1\bai1.csproj", "{5E6DC149-D953-4C6F-B8FF-7FB2AFFD5E9D}"
EndProject
Global
	GlobalSection(SolutionConfigurationPlatforms) = preSolution
		Debug|Any CPU = Debug|Any CPU
		Release|Any CPU = Release|Any CPU
	EndGlobalSection
	GlobalSection(ProjectConfigurationPlatforms) = postSolution
		{5E6DC149-D953-4C6F-B8FF-7FB2AFFD5E9D}.Debug|Any CPU.ActiveCfg = Debug|Any CPU
		{5E6DC149-D953-4C6F-B8FF-7FB2AFFD5E9D}.Debug|Any CPU.Build.0 = Debug|Any CPU
		{5E6DC149-D953-4C6F-B8FF-7FB2AFFD5E9D}.Release|Any CPU.ActiveCfg = Release|Any CPU
		{5E6DC149-D953-4C6F-B8FF-7FB2AFFD5E9D}.Release|Any CPU.Build.0 = Release|Any CPU
	EndGlobalSection
	GlobalSection(SolutionProperties) = preSolution
		HideSolutionNode = FALSE
	EndGlobalSection
EndGlobal
